
Microsoft Visual Studio Solution File, Format Version 12.00
# Visual Studio Version 16
VisualStudioVersion = 16.0.30621.155
MinimumVisualStudioVersion = 10.0.40219.1
Project("{FAE04EC0-301F-11D3-BF4B-00C04F79EFBC}") = "VideoRental", "VideoRental.csproj", "{793048E3-B280-44EF-A501-D916E0455C05}"
EndProject
Project("{FAE04EC0-301F-11D3-BF4B-00C04F79EFBC}") = "UnitTest_video_rental", "UnitTest_video_rental\UnitTest_video_rental.csproj", "{043292B3-6199-42C0-8C0A-9F9CAE9BD46F}"
EndProject
Global
	GlobalSection(SolutionConfigurationPlatforms) = preSolution
		Debug|Any CPU = Debug|Any CPU
		Release|Any CPU = Release|Any CPU
	EndGlobalSection
	GlobalSection(ProjectConfigurationPlatforms) = postSolution
		{793048E3-B280-44EF-A501-D916E0455C05}.Debug|Any CPU.ActiveCfg = Debug|Any CPU
		{793048E3-B280-44EF-A501-D916E0455C05}.Debug|Any CPU.Build.0 = Debug|Any CPU
		{793048E3-B280-44EF-A501-D916E0455C05}.Release|Any CPU.ActiveCfg = Release|Any CPU
		{793048E3-B280-44EF-A501-D916E0455C05}.Release|Any CPU.Build.0 = Release|Any CPU
		{043292B3-6199-42C0-8C0A-9F9CAE9BD46F}.Debug|Any CPU.ActiveCfg = Debug|Any CPU
		{043292B3-6199-42C0-8C0A-9F9CAE9BD46F}.Debug|Any CPU.Build.0 = Debug|Any CPU
		{043292B3-6199-42C0-8C0A-9F9CAE9BD46F}.Release|Any CPU.ActiveCfg = Release|Any CPU
		{043292B3-6199-42C0-8C0A-9F9CAE9BD46F}.Release|Any CPU.Build.0 = Release|Any CPU
	EndGlobalSection
	GlobalSection(SolutionProperties) = preSolution
		HideSolutionNode = FALSE
	EndGlobalSection
	GlobalSection(ExtensibilityGlobals) = postSolution
		SolutionGuid = {903A6333-71FC-4FF5-B143-691C18314BFE}
	EndGlobalSection
EndGlobal
